{
  "nodes": {
    "flake-utils": {
      "locked": {
        "lastModified": 1659877975,
        "narHash": "sha256-zllb8aq3YO3h8B/U0/J1WBgAL8EX5yWf5pMj3G0NAmc=",
        "owner": "numtide",
        "repo": "flake-utils",
        "rev": "c0e246b9b83f637f4681389ecabcb2681b4f3af0",
        "type": "github"
      },
      "original": {
        "owner": "numtide",
        "repo": "flake-utils",
        "type": "github"
      }
    },
    "nixpkgs": {
      "locked": {
        "lastModified": 1664231666,
        "narHash": "sha256-5M/40aTCNC34lSPqZIS7zlldRa7n/yNKI1SrpSGAB34=",
        "owner": "NixOS",
        "repo": "nixpkgs",
        "rev": "82379884b2e9cf1ba65f5b14bbcb9d1438abb745",
        "type": "github"
      },
      "original": {
        "owner": "NixOS",
        "ref": "nixos-22.05",
        "repo": "nixpkgs",
        "type": "github"
      }
    },
    "root": {
      "inputs": {
        "flake-utils": "flake-utils",
        "nixpkgs": "nixpkgs",
        "sipyco": "sipyco"
      }
    },
    "sipyco": {
      "inputs": {
        "nixpkgs": [
          "nixpkgs"
        ]
      },
      "locked": {
        "lastModified": 1664319253,
        "narHash": "sha256-hycJAgy+NFF9f5I6++7yo8KdhMSyKCPKJazRPxeedI4=",
        "owner": "m-labs",
        "repo": "sipyco",
        "rev": "d58ded7280e0f020be2446d4fee70f4393e6045f",
        "type": "github"
      },
      "original": {
        "owner": "m-labs",
        "repo": "sipyco",
        "type": "github"
      }
    }
  },
  "root": "root",
  "version": 7
}
