{
  "nodes": {
    "nixpkgs": {
      "locked": {
        "lastModified": 1644472683,
        "narHash": "sha256-sP6iM4NksOYO6NFfTJ96cg+ClPnq6cdY30xKA1iYtyU=",
        "owner": "NixOS",
        "repo": "nixpkgs",
        "rev": "7adc9c14ec74b27358a8df9b973087e351425a79",
        "type": "github"
      },
      "original": {
        "owner": "NixOS",
        "ref": "nixos-21.11",
        "repo": "nixpkgs",
        "type": "github"
      }
    },
    "root": {
      "inputs": {
        "nixpkgs": "nixpkgs",
        "sipyco": "sipyco"
      }
    },
    "sipyco": {
      "inputs": {
        "nixpkgs": [
          "nixpkgs"
        ]
      },
      "locked": {
        "lastModified": 1644649772,
        "narHash": "sha256-LE9L5bDSunCPEnuf5Ed8enTAXA2vkTSmjvqPX9ILO0Y=",
        "owner": "m-labs",
        "repo": "sipyco",
        "rev": "8e4382352bc64bd01c9db35d9c9b0ef42b8b9d3b",
        "type": "github"
      },
      "original": {
        "owner": "m-labs",
        "repo": "sipyco",
        "type": "github"
      }
    }
  },
  "root": "root",
  "version": 7
}
