{
  "nodes": {
    "nixpkgs": {
      "locked": {
        "lastModified": 1653229824,
        "narHash": "sha256-klSCYMpR4TqWYoTD/xZ2qM9UIPRFC6pK+S/kJuVLbFw=",
        "owner": "NixOS",
        "repo": "nixpkgs",
        "rev": "06db2e2197401b74fcf82d4e84be15b0b5851c7b",
        "type": "github"
      },
      "original": {
        "owner": "NixOS",
        "ref": "nixos-21.11",
        "repo": "nixpkgs",
        "type": "github"
      }
    },
    "root": {
      "inputs": {
        "nixpkgs": "nixpkgs",
        "sipyco": "sipyco"
      }
    },
    "sipyco": {
      "inputs": {
        "nixpkgs": [
          "nixpkgs"
        ]
      },
      "locked": {
        "lastModified": 1653633179,
        "narHash": "sha256-xyHQ77RXI9Zq9is+9laArq1HnlyubozL+Ht9BEQGXow=",
        "owner": "m-labs",
        "repo": "sipyco",
        "rev": "438f649864c58fa2eb213030a336864bba3a18a8",
        "type": "github"
      },
      "original": {
        "owner": "m-labs",
        "repo": "sipyco",
        "type": "github"
      }
    }
  },
  "root": "root",
  "version": 7
}
